# This file is automatically @generated by Cargo.
# It is not intended for manual editing.
version = 4

[[package]]
name = "ip2asn"
version = "0.1.0"
dependencies = [
 "ip_network",
]

[[package]]
name = "ip_network"
version = "0.4.1"
source = "registry+https://github.com/rust-lang/crates.io-index"
checksum = "aa2f047c0a98b2f299aa5d6d7088443570faae494e9ae1305e48be000c9e0eb1"
